
Microsoft Visual Studio Solution File, Format Version 12.00
# Visual Studio Version 16
VisualStudioVersion = 16.0.31410.357
MinimumVisualStudioVersion = 10.0.40219.1
Project("{E24C65DC-7377-472B-9ABA-BC803B73C61A}") = "testCharts", "testCharts\", "{A36C9534-0FCB-4F7B-9927-69417A73EECC}"
	ProjectSection(WebsiteProperties) = preProject
		TargetFrameworkMoniker = ".NETFramework,Version%3Dv4.8"
		Debug.AspNetCompiler.VirtualPath = "/localhost_50660"
		Debug.AspNetCompiler.PhysicalPath = "testCharts\"
		Debug.AspNetCompiler.TargetPath = "PrecompiledWeb\localhost_50660\"
		Debug.AspNetCompiler.Updateable = "true"
		Debug.AspNetCompiler.ForceOverwrite = "true"
		Debug.AspNetCompiler.FixedNames = "false"
		Debug.AspNetCompiler.Debug = "True"
		Release.AspNetCompiler.VirtualPath = "/localhost_50660"
		Release.AspNetCompiler.PhysicalPath = "testCharts\"
		Release.AspNetCompiler.TargetPath = "PrecompiledWeb\localhost_50660\"
		Release.AspNetCompiler.Updateable = "true"
		Release.AspNetCompiler.ForceOverwrite = "true"
		Release.AspNetCompiler.FixedNames = "false"
		Release.AspNetCompiler.Debug = "False"
		VWDPort = "50660"
		SlnRelativePath = "testCharts\"
		DefaultWebSiteLanguage = "Visual C#"
	EndProjectSection
EndProject
Global
	GlobalSection(SolutionConfigurationPlatforms) = preSolution
		Debug|Any CPU = Debug|Any CPU
	EndGlobalSection
	GlobalSection(ProjectConfigurationPlatforms) = postSolution
		{A36C9534-0FCB-4F7B-9927-69417A73EECC}.Debug|Any CPU.ActiveCfg = Debug|Any CPU
		{A36C9534-0FCB-4F7B-9927-69417A73EECC}.Debug|Any CPU.Build.0 = Debug|Any CPU
	EndGlobalSection
	GlobalSection(SolutionProperties) = preSolution
		HideSolutionNode = FALSE
	EndGlobalSection
	GlobalSection(ExtensibilityGlobals) = postSolution
		SolutionGuid = {7C473B89-2593-4BA4-9382-4EFB1BC8478B}
	EndGlobalSection
EndGlobal
